// !$*UTF8*$!
{
	archiveVersion = 1;
	classes = {
	};
	objectVersion = 77;
	objects = {

/* Begin PBXBuildFile section */
		085AE9D33267D6F3056F1D9F /* SupabaseClient.swift in Sources */ = {isa = PBXBuildFile; fileRef = 0FDAD8DC8C184999E08DFF9C /* SupabaseClient.swift */; };
		08DECD8526807BFD2408B590 /* NegotiationService.swift in Sources */ = {isa = PBXBuildFile; fileRef = B0AD690D8624CF9FA6B904DD /* NegotiationService.swift */; };
		0A7A24CB571606D8281213C5 /* ConstraintService.swift in Sources */ = {isa = PBXBuildFile; fileRef = B3F1151085B9A53E6FB321A9 /* ConstraintService.swift */; };
		104181BD06A601C90BFB9624 /* TabPillBar.swift in Sources */ = {isa = PBXBuildFile; fileRef = 185EA0C5D68E56610B6C0D65 /* TabPillBar.swift */; };
		13397E73EE9C59B30D61F72C /* Negotiation.swift in Sources */ = {isa = PBXBuildFile; fileRef = 3B29819771D99BBD4666D03C /* Negotiation.swift */; };
		166976D96EAAC1FB848FA0C5 /* NegotiationConsentView.swift in Sources */ = {isa = PBXBuildFile; fileRef = D439F6D3946509F667A2895A /* NegotiationConsentView.swift */; };
		28CB9FC3766BD4D3FB37F124 /* CreateEventView.swift in Sources */ = {isa = PBXBuildFile; fileRef = 3C97401E850C0F14E20AE547 /* CreateEventView.swift */; };
		2E5BFD6A699D953EB826810D /* JSONValue.swift in Sources */ = {isa = PBXBuildFile; fileRef = 16A9541602D5EB0C012A1254 /* JSONValue.swift */; };
		391B079F32D6AB8D31B4ECE3 /* JoinEventView.swift in Sources */ = {isa = PBXBuildFile; fileRef = 9AC3627848BC30A86B36293A /* JoinEventView.swift */; };
		3F917F5D7BF38D34E027CAA9 /* Constraint.swift in Sources */ = {isa = PBXBuildFile; fileRef = 63FA58E451E43858E9C5B5B5 /* Constraint.swift */; };
		433672743A092F8C2B1DBDAD /* Event.swift in Sources */ = {isa = PBXBuildFile; fileRef = F6DCADF0A7B688A6FDBB1259 /* Event.swift */; };
		482BB42D8FA75870E12FB5DE /* StateViews.swift in Sources */ = {isa = PBXBuildFile; fileRef = 3CC014AFD342290BAFB28B08 /* StateViews.swift */; };
		48E436302B854ADCA9E1D1F0 /* WelcomeView.swift in Sources */ = {isa = PBXBuildFile; fileRef = 06038749E18E51FCB95854F8 /* WelcomeView.swift */; };
		5B9CEE1DB887076807DAF49B /* AIKanjiApp.swift in Sources */ = {isa = PBXBuildFile; fileRef = B2F2CAF055921EC6CC7092E7 /* AIKanjiApp.swift */; };
		5C3812BB00C48D3D9FC7E6D8 /* Components.swift in Sources */ = {isa = PBXBuildFile; fileRef = 857DCC152D77EC3F86D35F42 /* Components.swift */; };
		600D734A7F885BA89D92E16B /* LoginSheet.swift in Sources */ = {isa = PBXBuildFile; fileRef = C5214E97A89C75B50E3351D1 /* LoginSheet.swift */; };
		74EF1B36BC30D6EA87047E39 /* Supabase in Frameworks */ = {isa = PBXBuildFile; productRef = D6F29F0CFDD5884298193D7F /* Supabase */; };
		7C148DB66702B46F58A72C9E /* FeasibilityEngineTests.swift in Sources */ = {isa = PBXBuildFile; fileRef = F2C43528B8E5D430665110E4 /* FeasibilityEngineTests.swift */; };
		7F257AC9EA0F2B4FE1856A9B /* ConstraintEntryView.swift in Sources */ = {isa = PBXBuildFile; fileRef = A78B8F40468229EED48E09C8 /* ConstraintEntryView.swift */; };
		8052BF0F6A458DCD21419D81 /* RecommendationListView.swift in Sources */ = {isa = PBXBuildFile; fileRef = 3917D6B26E792A2075CF4EED /* RecommendationListView.swift */; };
		834697C2FE22239102D92A94 /* RecommendationCardView.swift in Sources */ = {isa = PBXBuildFile; fileRef = 78C17AFA9C8CA326D156FFF4 /* RecommendationCardView.swift */; };
		874AC221B39CC80685D041F1 /* Participant.swift in Sources */ = {isa = PBXBuildFile; fileRef = 59DEEA6CE1E89741470F9BCE /* Participant.swift */; };
		8C730C57D72AC3085239DB90 /* DemoFixture.swift in Sources */ = {isa = PBXBuildFile; fileRef = CF2BFE2E08F517FC2EE691C1 /* DemoFixture.swift */; };
		9679561A8B9621EF9081885C /* ProviderDegradationTests.swift in Sources */ = {isa = PBXBuildFile; fileRef = 608251830D7E44B3892C2947 /* ProviderDegradationTests.swift */; };
		986D7EEFCFE15850CD5D0768 /* Supabase in Frameworks */ = {isa = PBXBuildFile; productRef = D76DCCBD1F5421FD49E8A037 /* Supabase */; };
		9D1D7E295BA7270394BC31A9 /* AppCopy.swift in Sources */ = {isa = PBXBuildFile; fileRef = DB8E591D1B0661BB5344DF21 /* AppCopy.swift */; };
		A9A33C11F3082F26AD141159 /* EventService.swift in Sources */ = {isa = PBXBuildFile; fileRef = 7C29450AE609DAE351070450 /* EventService.swift */; };
		AE210DA8AA0FBADAA7AF0DA0 /* RecommendationService.swift in Sources */ = {isa = PBXBuildFile; fileRef = 67BA558498D2912C16908EFE /* RecommendationService.swift */; };
		AEC7BC641907FF25CDFDDEF5 /* Assets.xcassets in Resources */ = {isa = PBXBuildFile; fileRef = 545C0AD7677F4411450DFA21 /* Assets.xcassets */; };
		B1B69451360E1CE0B91D31D5 /* RealtimeTopicRegistry.swift in Sources */ = {isa = PBXBuildFile; fileRef = 5EE0FBD9B8815825DD3B7B15 /* RealtimeTopicRegistry.swift */; };
		B45558AC3FBD80F96074BBEE /* AppColors.swift in Sources */ = {isa = PBXBuildFile; fileRef = 87E01F857F4D426B16D49DF9 /* AppColors.swift */; };
		BF50CCCAF1B2E5D0C0FF4BAF /* OrganizerDashboardView.swift in Sources */ = {isa = PBXBuildFile; fileRef = 8BF8BB6F8F15D6C41605B981 /* OrganizerDashboardView.swift */; };
		DBA93C18C61993DC9636B1AB /* GroupActivityFeedView.swift in Sources */ = {isa = PBXBuildFile; fileRef = 9E9375C5F80909237C5819B4 /* GroupActivityFeedView.swift */; };
		DC898BEED62A0B0670AB3956 /* CriticalScreensUITests.swift in Sources */ = {isa = PBXBuildFile; fileRef = 0DA01429B118D6A5AF86525D /* CriticalScreensUITests.swift */; };
		EC87B91ABD2D17D72373904D /* Recommendation.swift in Sources */ = {isa = PBXBuildFile; fileRef = 40928E30CA5AFAD0BBB4F036 /* Recommendation.swift */; };
		F239262F3B1DCD41572F6C86 /* EventHomeView.swift in Sources */ = {isa = PBXBuildFile; fileRef = AAD9B6CCE54781088CE7EA78 /* EventHomeView.swift */; };
		FB66E89A8CB07F8B51469449 /* NativeIntegrationModelTests.swift in Sources */ = {isa = PBXBuildFile; fileRef = 22DD7F5912BC8C8ADBBC0CD3 /* NativeIntegrationModelTests.swift */; };
/* End PBXBuildFile section */

/* Begin PBXContainerItemProxy section */
		0B3292C023971BE8D2C4AD56 /* PBXContainerItemProxy */ = {
			isa = PBXContainerItemProxy;
			containerPortal = BF11FB2C1CDA820839C93F62 /* Project object */;
			proxyType = 1;
			remoteGlobalIDString = 5062E6C17E91697E8DEFE558;
			remoteInfo = AIKanji;
		};
		4EACE1FDE09578DFD418A03F /* PBXContainerItemProxy */ = {
			isa = PBXContainerItemProxy;
			containerPortal = BF11FB2C1CDA820839C93F62 /* Project object */;
			proxyType = 1;
			remoteGlobalIDString = 5062E6C17E91697E8DEFE558;
			remoteInfo = AIKanji;
		};
/* End PBXContainerItemProxy section */

/* Begin PBXFileReference section */
		06038749E18E51FCB95854F8 /* WelcomeView.swift */ = {isa = PBXFileReference; lastKnownFileType = sourcecode.swift; path = WelcomeView.swift; sourceTree = "<group>"; };
		0DA01429B118D6A5AF86525D /* CriticalScreensUITests.swift */ = {isa = PBXFileReference; lastKnownFileType = sourcecode.swift; path = CriticalScreensUITests.swift; sourceTree = "<group>"; };
		0FDAD8DC8C184999E08DFF9C /* SupabaseClient.swift */ = {isa = PBXFileReference; lastKnownFileType = sourcecode.swift; path = SupabaseClient.swift; sourceTree = "<group>"; };
		16A9541602D5EB0C012A1254 /* JSONValue.swift */ = {isa = PBXFileReference; lastKnownFileType = sourcecode.swift; path = JSONValue.swift; sourceTree = "<group>"; };
		185EA0C5D68E56610B6C0D65 /* TabPillBar.swift */ = {isa = PBXFileReference; lastKnownFileType = sourcecode.swift; path = TabPillBar.swift; sourceTree = "<group>"; };
		22DD7F5912BC8C8ADBBC0CD3 /* NativeIntegrationModelTests.swift */ = {isa = PBXFileReference; lastKnownFileType = sourcecode.swift; path = NativeIntegrationModelTests.swift; sourceTree = "<group>"; };
		3917D6B26E792A2075CF4EED /* RecommendationListView.swift */ = {isa = PBXFileReference; lastKnownFileType = sourcecode.swift; path = RecommendationListView.swift; sourceTree = "<group>"; };
		3B29819771D99BBD4666D03C /* Negotiation.swift */ = {isa = PBXFileReference; lastKnownFileType = sourcecode.swift; path = Negotiation.swift; sourceTree = "<group>"; };
		3C97401E850C0F14E20AE547 /* CreateEventView.swift */ = {isa = PBXFileReference; lastKnownFileType = sourcecode.swift; path = CreateEventView.swift; sourceTree = "<group>"; };
		3CC014AFD342290BAFB28B08 /* StateViews.swift */ = {isa = PBXFileReference; lastKnownFileType = sourcecode.swift; path = StateViews.swift; sourceTree = "<group>"; };
		40928E30CA5AFAD0BBB4F036 /* Recommendation.swift */ = {isa = PBXFileReference; lastKnownFileType = sourcecode.swift; path = Recommendation.swift; sourceTree = "<group>"; };
		545C0AD7677F4411450DFA21 /* Assets.xcassets */ = {isa = PBXFileReference; lastKnownFileType = folder.assetcatalog; path = Assets.xcassets; sourceTree = "<group>"; };
		59DEEA6CE1E89741470F9BCE /* Participant.swift */ = {isa = PBXFileReference; lastKnownFileType = sourcecode.swift; path = Participant.swift; sourceTree = "<group>"; };
		5DDA7F248891D5917368D030 /* AIKanjiDomainTests.xctest */ = {isa = PBXFileReference; includeInIndex = 0; lastKnownFileType = wrapper.cfbundle; path = AIKanjiDomainTests.xctest; sourceTree = BUILT_PRODUCTS_DIR; };
		5EE0FBD9B8815825DD3B7B15 /* RealtimeTopicRegistry.swift */ = {isa = PBXFileReference; lastKnownFileType = sourcecode.swift; path = RealtimeTopicRegistry.swift; sourceTree = "<group>"; };
		608251830D7E44B3892C2947 /* ProviderDegradationTests.swift */ = {isa = PBXFileReference; lastKnownFileType = sourcecode.swift; path = ProviderDegradationTests.swift; sourceTree = "<group>"; };
		63FA58E451E43858E9C5B5B5 /* Constraint.swift */ = {isa = PBXFileReference; lastKnownFileType = sourcecode.swift; path = Constraint.swift; sourceTree = "<group>"; };
		67BA558498D2912C16908EFE /* RecommendationService.swift */ = {isa = PBXFileReference; lastKnownFileType = sourcecode.swift; path = RecommendationService.swift; sourceTree = "<group>"; };
		6A73C9E04251522A3407CB69 /* AIKanji.app */ = {isa = PBXFileReference; includeInIndex = 0; lastKnownFileType = wrapper.application; path = AIKanji.app; sourceTree = BUILT_PRODUCTS_DIR; };
		78C17AFA9C8CA326D156FFF4 /* RecommendationCardView.swift */ = {isa = PBXFileReference; lastKnownFileType = sourcecode.swift; path = RecommendationCardView.swift; sourceTree = "<group>"; };
		7C29450AE609DAE351070450 /* EventService.swift */ = {isa = PBXFileReference; lastKnownFileType = sourcecode.swift; path = EventService.swift; sourceTree = "<group>"; };
		857DCC152D77EC3F86D35F42 /* Components.swift */ = {isa = PBXFileReference; lastKnownFileType = sourcecode.swift; path = Components.swift; sourceTree = "<group>"; };
		87E01F857F4D426B16D49DF9 /* AppColors.swift */ = {isa = PBXFileReference; lastKnownFileType = sourcecode.swift; path = AppColors.swift; sourceTree = "<group>"; };
		8BF8BB6F8F15D6C41605B981 /* OrganizerDashboardView.swift */ = {isa = PBXFileReference; lastKnownFileType = sourcecode.swift; path = OrganizerDashboardView.swift; sourceTree = "<group>"; };
		9AC3627848BC30A86B36293A /* JoinEventView.swift */ = {isa = PBXFileReference; lastKnownFileType = sourcecode.swift; path = JoinEventView.swift; sourceTree = "<group>"; };
		9E9375C5F80909237C5819B4 /* GroupActivityFeedView.swift */ = {isa = PBXFileReference; lastKnownFileType = sourcecode.swift; path = GroupActivityFeedView.swift; sourceTree = "<group>"; };
		A78B8F40468229EED48E09C8 /* ConstraintEntryView.swift */ = {isa = PBXFileReference; lastKnownFileType = sourcecode.swift; path = ConstraintEntryView.swift; sourceTree = "<group>"; };
		AAD9B6CCE54781088CE7EA78 /* EventHomeView.swift */ = {isa = PBXFileReference; lastKnownFileType = sourcecode.swift; path = EventHomeView.swift; sourceTree = "<group>"; };
		B0AD690D8624CF9FA6B904DD /* NegotiationService.swift */ = {isa = PBXFileReference; lastKnownFileType = sourcecode.swift; path = NegotiationService.swift; sourceTree = "<group>"; };
		B2F2CAF055921EC6CC7092E7 /* AIKanjiApp.swift */ = {isa = PBXFileReference; lastKnownFileType = sourcecode.swift; path = AIKanjiApp.swift; sourceTree = "<group>"; };
		B3F1151085B9A53E6FB321A9 /* ConstraintService.swift */ = {isa = PBXFileReference; lastKnownFileType = sourcecode.swift; path = ConstraintService.swift; sourceTree = "<group>"; };
		C5214E97A89C75B50E3351D1 /* LoginSheet.swift */ = {isa = PBXFileReference; lastKnownFileType = sourcecode.swift; path = LoginSheet.swift; sourceTree = "<group>"; };
		CF2BFE2E08F517FC2EE691C1 /* DemoFixture.swift */ = {isa = PBXFileReference; lastKnownFileType = sourcecode.swift; path = DemoFixture.swift; sourceTree = "<group>"; };
		D097771D0F1FB3364D6E4CE1 /* Config.xcconfig */ = {isa = PBXFileReference; lastKnownFileType = text.xcconfig; path = Config.xcconfig; sourceTree = "<group>"; };
		D439F6D3946509F667A2895A /* NegotiationConsentView.swift */ = {isa = PBXFileReference; lastKnownFileType = sourcecode.swift; path = NegotiationConsentView.swift; sourceTree = "<group>"; };
		DB8E591D1B0661BB5344DF21 /* AppCopy.swift */ = {isa = PBXFileReference; lastKnownFileType = sourcecode.swift; path = AppCopy.swift; sourceTree = "<group>"; };
		E03C7854D33184CFAFE3AB7A /* AIKanjiUITests.xctest */ = {isa = PBXFileReference; includeInIndex = 0; lastKnownFileType = wrapper.cfbundle; path = AIKanjiUITests.xctest; sourceTree = BUILT_PRODUCTS_DIR; };
		F2C43528B8E5D430665110E4 /* FeasibilityEngineTests.swift */ = {isa = PBXFileReference; lastKnownFileType = sourcecode.swift; path = FeasibilityEngineTests.swift; sourceTree = "<group>"; };
		F6DCADF0A7B688A6FDBB1259 /* Event.swift */ = {isa = PBXFileReference; lastKnownFileType = sourcecode.swift; path = Event.swift; sourceTree = "<group>"; };
		FAC72E9F534CA77C8A71438E /* Info.plist */ = {isa = PBXFileReference; lastKnownFileType = text.plist; path = Info.plist; sourceTree = "<group>"; };
/* End PBXFileReference section */

/* Begin PBXFrameworksBuildPhase section */
		6EA654CBCFD217217F51C5F0 /* Frameworks */ = {
			isa = PBXFrameworksBuildPhase;
			buildActionMask = 2147483647;
			files = (
				986D7EEFCFE15850CD5D0768 /* Supabase in Frameworks */,
			);
			runOnlyForDeploymentPostprocessing = 0;
		};
		FEB04F252DA9A7DFCCFF8834 /* Frameworks */ = {
			isa = PBXFrameworksBuildPhase;
			buildActionMask = 2147483647;
			files = (
				74EF1B36BC30D6EA87047E39 /* Supabase in Frameworks */,
			);
			runOnlyForDeploymentPostprocessing = 0;
		};
/* End PBXFrameworksBuildPhase section */

/* Begin PBXGroup section */
		0125CFF29342BF5048B03CE3 /* AIKanjiUITests */ = {
			isa = PBXGroup;
			children = (
				0DA01429B118D6A5AF86525D /* CriticalScreensUITests.swift */,
			);
			name = AIKanjiUITests;
			path = Tests/AIKanjiUITests;
			sourceTree = "<group>";
		};
		0AB3FBBB998AD17E740FF402 /* Constraints */ = {
			isa = PBXGroup;
			children = (
				A78B8F40468229EED48E09C8 /* ConstraintEntryView.swift */,
			);
			path = Constraints;
			sourceTree = "<group>";
		};
		2381CC486A19DC85D433F7AA /* Models */ = {
			isa = PBXGroup;
			children = (
				63FA58E451E43858E9C5B5B5 /* Constraint.swift */,
				F6DCADF0A7B688A6FDBB1259 /* Event.swift */,
				16A9541602D5EB0C012A1254 /* JSONValue.swift */,
				3B29819771D99BBD4666D03C /* Negotiation.swift */,
				59DEEA6CE1E89741470F9BCE /* Participant.swift */,
				40928E30CA5AFAD0BBB4F036 /* Recommendation.swift */,
			);
			path = Models;
			sourceTree = "<group>";
		};
		3CE0B68F7ADB0A8DDCABBA1A /* Organizer */ = {
			isa = PBXGroup;
			children = (
				8BF8BB6F8F15D6C41605B981 /* OrganizerDashboardView.swift */,
			);
			path = Organizer;
			sourceTree = "<group>";
		};
		489FB70E563F47843D3D0352 /* Negotiation */ = {
			isa = PBXGroup;
			children = (
				D439F6D3946509F667A2895A /* NegotiationConsentView.swift */,
			);
			path = Negotiation;
			sourceTree = "<group>";
		};
		4B9EC3DB5B39EC90E0E50361 /* Activity */ = {
			isa = PBXGroup;
			children = (
				9E9375C5F80909237C5819B4 /* GroupActivityFeedView.swift */,
			);
			path = Activity;
			sourceTree = "<group>";
		};
		50D4843FCFBB27C60300AD89 /* Recommendations */ = {
			isa = PBXGroup;
			children = (
				78C17AFA9C8CA326D156FFF4 /* RecommendationCardView.swift */,
				3917D6B26E792A2075CF4EED /* RecommendationListView.swift */,
			);
			path = Recommendations;
			sourceTree = "<group>";
		};
		64E288F99D9B077A02ED8AE1 /* Products */ = {
			isa = PBXGroup;
			children = (
				6A73C9E04251522A3407CB69 /* AIKanji.app */,
				5DDA7F248891D5917368D030 /* AIKanjiDomainTests.xctest */,
				E03C7854D33184CFAFE3AB7A /* AIKanjiUITests.xctest */,
			);
			name = Products;
			sourceTree = "<group>";
		};
		672A9CF8F36A100E3C2EB513 /* App */ = {
			isa = PBXGroup;
			children = (
				B2F2CAF055921EC6CC7092E7 /* AIKanjiApp.swift */,
				5EE0FBD9B8815825DD3B7B15 /* RealtimeTopicRegistry.swift */,
				0FDAD8DC8C184999E08DFF9C /* SupabaseClient.swift */,
			);
			path = App;
			sourceTree = "<group>";
		};
		7F22194377367AD30839EE88 /* Onboarding */ = {
			isa = PBXGroup;
			children = (
				3C97401E850C0F14E20AE547 /* CreateEventView.swift */,
				AAD9B6CCE54781088CE7EA78 /* EventHomeView.swift */,
				9AC3627848BC30A86B36293A /* JoinEventView.swift */,
				C5214E97A89C75B50E3351D1 /* LoginSheet.swift */,
				06038749E18E51FCB95854F8 /* WelcomeView.swift */,
			);
			path = Onboarding;
			sourceTree = "<group>";
		};
		7FBB5C0563A24727E526D370 /* AIKanji */ = {
			isa = PBXGroup;
			children = (
				545C0AD7677F4411450DFA21 /* Assets.xcassets */,
				FAC72E9F534CA77C8A71438E /* Info.plist */,
				672A9CF8F36A100E3C2EB513 /* App */,
				C662BC3915BD5DAF9307DE0F /* DesignSystem */,
				CB8AF5C29D306763FA9C65C3 /* Features */,
				2381CC486A19DC85D433F7AA /* Models */,
				AB83EC638DF29C199722D7F7 /* Services */,
			);
			path = AIKanji;
			sourceTree = "<group>";
		};
		96223D2C6BB1E9E384EA4F2E /* AIKanjiDomainTests */ = {
			isa = PBXGroup;
			children = (
				CF2BFE2E08F517FC2EE691C1 /* DemoFixture.swift */,
				F2C43528B8E5D430665110E4 /* FeasibilityEngineTests.swift */,
				22DD7F5912BC8C8ADBBC0CD3 /* NativeIntegrationModelTests.swift */,
				608251830D7E44B3892C2947 /* ProviderDegradationTests.swift */,
			);
			name = AIKanjiDomainTests;
			path = Tests/AIKanjiDomainTests;
			sourceTree = "<group>";
		};
		AB83EC638DF29C199722D7F7 /* Services */ = {
			isa = PBXGroup;
			children = (
				B3F1151085B9A53E6FB321A9 /* ConstraintService.swift */,
				7C29450AE609DAE351070450 /* EventService.swift */,
				B0AD690D8624CF9FA6B904DD /* NegotiationService.swift */,
				67BA558498D2912C16908EFE /* RecommendationService.swift */,
			);
			path = Services;
			sourceTree = "<group>";
		};
		B79F15B624624F914152F9C6 = {
			isa = PBXGroup;
			children = (
				7FBB5C0563A24727E526D370 /* AIKanji */,
				E4AF39EBFF5E13871ED6695F /* AIKanji */,
				96223D2C6BB1E9E384EA4F2E /* AIKanjiDomainTests */,
				0125CFF29342BF5048B03CE3 /* AIKanjiUITests */,
				64E288F99D9B077A02ED8AE1 /* Products */,
			);
			sourceTree = "<group>";
		};
		C662BC3915BD5DAF9307DE0F /* DesignSystem */ = {
			isa = PBXGroup;
			children = (
				87E01F857F4D426B16D49DF9 /* AppColors.swift */,
				DB8E591D1B0661BB5344DF21 /* AppCopy.swift */,
				857DCC152D77EC3F86D35F42 /* Components.swift */,
				3CC014AFD342290BAFB28B08 /* StateViews.swift */,
				185EA0C5D68E56610B6C0D65 /* TabPillBar.swift */,
			);
			path = DesignSystem;
			sourceTree = "<group>";
		};
		CB8AF5C29D306763FA9C65C3 /* Features */ = {
			isa = PBXGroup;
			children = (
				4B9EC3DB5B39EC90E0E50361 /* Activity */,
				0AB3FBBB998AD17E740FF402 /* Constraints */,
				489FB70E563F47843D3D0352 /* Negotiation */,
				7F22194377367AD30839EE88 /* Onboarding */,
				3CE0B68F7ADB0A8DDCABBA1A /* Organizer */,
				50D4843FCFBB27C60300AD89 /* Recommendations */,
			);
			path = Features;
			sourceTree = "<group>";
		};
		E4AF39EBFF5E13871ED6695F /* AIKanji */ = {
			isa = PBXGroup;
			children = (
				D097771D0F1FB3364D6E4CE1 /* Config.xcconfig */,
			);
			name = AIKanji;
			path = .;
			sourceTree = "<group>";
		};
/* End PBXGroup section */

/* Begin PBXNativeTarget section */
		4794C2E5ECC8FD9CD9D7F33D /* AIKanjiDomainTests */ = {
			isa = PBXNativeTarget;
			buildConfigurationList = D74CFC654EE00B7D49D186E2 /* Build configuration list for PBXNativeTarget "AIKanjiDomainTests" */;
			buildPhases = (
				D75E977B47C380B6726121FF /* Sources */,
				FEB04F252DA9A7DFCCFF8834 /* Frameworks */,
			);
			buildRules = (
			);
			dependencies = (
				90B976F2B8E79B525C233D67 /* PBXTargetDependency */,
			);
			name = AIKanjiDomainTests;
			packageProductDependencies = (
				D6F29F0CFDD5884298193D7F /* Supabase */,
			);
			productName = AIKanjiDomainTests;
			productReference = 5DDA7F248891D5917368D030 /* AIKanjiDomainTests.xctest */;
			productType = "com.apple.product-type.bundle.unit-test";
		};
		5062E6C17E91697E8DEFE558 /* AIKanji */ = {
			isa = PBXNativeTarget;
			buildConfigurationList = 2F2601A959D44B457FC9CE7B /* Build configuration list for PBXNativeTarget "AIKanji" */;
			buildPhases = (
				D7895AE175F472B35FFB786B /* Sources */,
				3DE6F61126DE7212E96A1FD7 /* Resources */,
				6EA654CBCFD217217F51C5F0 /* Frameworks */,
			);
			buildRules = (
			);
			dependencies = (
			);
			name = AIKanji;
			packageProductDependencies = (
				D76DCCBD1F5421FD49E8A037 /* Supabase */,
			);
			productName = AIKanji;
			productReference = 6A73C9E04251522A3407CB69 /* AIKanji.app */;
			productType = "com.apple.product-type.application";
		};
		562B6386060190370E9FE2DA /* AIKanjiUITests */ = {
			isa = PBXNativeTarget;
			buildConfigurationList = 940E1CA31DC19E759B9D1304 /* Build configuration list for PBXNativeTarget "AIKanjiUITests" */;
			buildPhases = (
				EC8E4DA3F360435E5424C4E4 /* Sources */,
			);
			buildRules = (
			);
			dependencies = (
				337D474A185C2608BCAB4AA9 /* PBXTargetDependency */,
			);
			name = AIKanjiUITests;
			packageProductDependencies = (
			);
			productName = AIKanjiUITests;
			productReference = E03C7854D33184CFAFE3AB7A /* AIKanjiUITests.xctest */;
			productType = "com.apple.product-type.bundle.ui-testing";
		};
/* End PBXNativeTarget section */

/* Begin PBXProject section */
		BF11FB2C1CDA820839C93F62 /* Project object */ = {
			isa = PBXProject;
			attributes = {
				BuildIndependentTargetsInParallel = YES;
				LastUpgradeCheck = 1430;
				TargetAttributes = {
					562B6386060190370E9FE2DA = {
						TestTargetID = 5062E6C17E91697E8DEFE558;
					};
				};
			};
			buildConfigurationList = 9EBDB713C5EA9E61DED19A2A /* Build configuration list for PBXProject "AIKanji" */;
			developmentRegion = en;
			hasScannedForEncodings = 0;
			knownRegions = (
				Base,
				en,
			);
			mainGroup = B79F15B624624F914152F9C6;
			minimizedProjectReferenceProxies = 1;
			packageReferences = (
				8895FA2DDBEA83691D802FE6 /* XCRemoteSwiftPackageReference "supabase-swift" */,
			);
			preferredProjectObjectVersion = 77;
			productRefGroup = 64E288F99D9B077A02ED8AE1 /* Products */;
			projectDirPath = "";
			projectRoot = "";
			targets = (
				5062E6C17E91697E8DEFE558 /* AIKanji */,
				4794C2E5ECC8FD9CD9D7F33D /* AIKanjiDomainTests */,
				562B6386060190370E9FE2DA /* AIKanjiUITests */,
			);
		};
/* End PBXProject section */

/* Begin PBXResourcesBuildPhase section */
		3DE6F61126DE7212E96A1FD7 /* Resources */ = {
			isa = PBXResourcesBuildPhase;
			buildActionMask = 2147483647;
			files = (
				AEC7BC641907FF25CDFDDEF5 /* Assets.xcassets in Resources */,
			);
			runOnlyForDeploymentPostprocessing = 0;
		};
/* End PBXResourcesBuildPhase section */

/* Begin PBXSourcesBuildPhase section */
		D75E977B47C380B6726121FF /* Sources */ = {
			isa = PBXSourcesBuildPhase;
			buildActionMask = 2147483647;
			files = (
				8C730C57D72AC3085239DB90 /* DemoFixture.swift in Sources */,
				7C148DB66702B46F58A72C9E /* FeasibilityEngineTests.swift in Sources */,
				FB66E89A8CB07F8B51469449 /* NativeIntegrationModelTests.swift in Sources */,
				9679561A8B9621EF9081885C /* ProviderDegradationTests.swift in Sources */,
			);
			runOnlyForDeploymentPostprocessing = 0;
		};
		D7895AE175F472B35FFB786B /* Sources */ = {
			isa = PBXSourcesBuildPhase;
			buildActionMask = 2147483647;
			files = (
				5B9CEE1DB887076807DAF49B /* AIKanjiApp.swift in Sources */,
				B45558AC3FBD80F96074BBEE /* AppColors.swift in Sources */,
				9D1D7E295BA7270394BC31A9 /* AppCopy.swift in Sources */,
				5C3812BB00C48D3D9FC7E6D8 /* Components.swift in Sources */,
				3F917F5D7BF38D34E027CAA9 /* Constraint.swift in Sources */,
				7F257AC9EA0F2B4FE1856A9B /* ConstraintEntryView.swift in Sources */,
				0A7A24CB571606D8281213C5 /* ConstraintService.swift in Sources */,
				28CB9FC3766BD4D3FB37F124 /* CreateEventView.swift in Sources */,
				433672743A092F8C2B1DBDAD /* Event.swift in Sources */,
				F239262F3B1DCD41572F6C86 /* EventHomeView.swift in Sources */,
				A9A33C11F3082F26AD141159 /* EventService.swift in Sources */,
				DBA93C18C61993DC9636B1AB /* GroupActivityFeedView.swift in Sources */,
				2E5BFD6A699D953EB826810D /* JSONValue.swift in Sources */,
				391B079F32D6AB8D31B4ECE3 /* JoinEventView.swift in Sources */,
				600D734A7F885BA89D92E16B /* LoginSheet.swift in Sources */,
				13397E73EE9C59B30D61F72C /* Negotiation.swift in Sources */,
				166976D96EAAC1FB848FA0C5 /* NegotiationConsentView.swift in Sources */,
				08DECD8526807BFD2408B590 /* NegotiationService.swift in Sources */,
				BF50CCCAF1B2E5D0C0FF4BAF /* OrganizerDashboardView.swift in Sources */,
				874AC221B39CC80685D041F1 /* Participant.swift in Sources */,
				B1B69451360E1CE0B91D31D5 /* RealtimeTopicRegistry.swift in Sources */,
				EC87B91ABD2D17D72373904D /* Recommendation.swift in Sources */,
				834697C2FE22239102D92A94 /* RecommendationCardView.swift in Sources */,
				8052BF0F6A458DCD21419D81 /* RecommendationListView.swift in Sources */,
				AE210DA8AA0FBADAA7AF0DA0 /* RecommendationService.swift in Sources */,
				482BB42D8FA75870E12FB5DE /* StateViews.swift in Sources */,
				085AE9D33267D6F3056F1D9F /* SupabaseClient.swift in Sources */,
				104181BD06A601C90BFB9624 /* TabPillBar.swift in Sources */,
				48E436302B854ADCA9E1D1F0 /* WelcomeView.swift in Sources */,
			);
			runOnlyForDeploymentPostprocessing = 0;
		};
		EC8E4DA3F360435E5424C4E4 /* Sources */ = {
			isa = PBXSourcesBuildPhase;
			buildActionMask = 2147483647;
			files = (
				DC898BEED62A0B0670AB3956 /* CriticalScreensUITests.swift in Sources */,
			);
			runOnlyForDeploymentPostprocessing = 0;
		};
/* End PBXSourcesBuildPhase section */

/* Begin PBXTargetDependency section */
		337D474A185C2608BCAB4AA9 /* PBXTargetDependency */ = {
			isa = PBXTargetDependency;
			target = 5062E6C17E91697E8DEFE558 /* AIKanji */;
			targetProxy = 0B3292C023971BE8D2C4AD56 /* PBXContainerItemProxy */;
		};
		90B976F2B8E79B525C233D67 /* PBXTargetDependency */ = {
			isa = PBXTargetDependency;
			target = 5062E6C17E91697E8DEFE558 /* AIKanji */;
			targetProxy = 4EACE1FDE09578DFD418A03F /* PBXContainerItemProxy */;
		};
/* End PBXTargetDependency section */

/* Begin XCBuildConfiguration section */
		18D9938D69E580E98B9A1E7A /* Debug */ = {
			isa = XCBuildConfiguration;
			buildSettings = {
				BUNDLE_LOADER = "$(TEST_HOST)";
				GENERATE_INFOPLIST_FILE = YES;
				LD_RUNPATH_SEARCH_PATHS = (
					"$(inherited)",
					"@executable_path/Frameworks",
					"@loader_path/Frameworks",
				);
				PRODUCT_BUNDLE_IDENTIFIER = com.aikanji.AIKanjiDomainTests;
				SDKROOT = iphoneos;
				SWIFT_VERSION = 5.9;
				TARGETED_DEVICE_FAMILY = "1,2";
				TEST_HOST = "$(BUILT_PRODUCTS_DIR)/AIKanji.app/AIKanji";
			};
			name = Debug;
		};
		6C8AA8D1DFCE9D2E9116465C /* Release */ = {
			isa = XCBuildConfiguration;
			buildSettings = {
				BUNDLE_LOADER = "$(TEST_HOST)";
				GENERATE_INFOPLIST_FILE = YES;
				LD_RUNPATH_SEARCH_PATHS = (
					"$(inherited)",
					"@executable_path/Frameworks",
					"@loader_path/Frameworks",
				);
				PRODUCT_BUNDLE_IDENTIFIER = com.aikanji.AIKanjiDomainTests;
				SDKROOT = iphoneos;
				SWIFT_VERSION = 5.9;
				TARGETED_DEVICE_FAMILY = "1,2";
				TEST_HOST = "$(BUILT_PRODUCTS_DIR)/AIKanji.app/AIKanji";
			};
			name = Release;
		};
		8BDFDBB157B2408AB0788958 /* Debug */ = {
			isa = XCBuildConfiguration;
			buildSettings = {
				BUNDLE_LOADER = "$(TEST_HOST)";
				GENERATE_INFOPLIST_FILE = YES;
				LD_RUNPATH_SEARCH_PATHS = (
					"$(inherited)",
					"@executable_path/Frameworks",
					"@loader_path/Frameworks",
				);
				PRODUCT_BUNDLE_IDENTIFIER = com.aikanji.AIKanjiUITests;
				SDKROOT = iphoneos;
				SWIFT_VERSION = 5.9;
				TARGETED_DEVICE_FAMILY = "1,2";
				TEST_TARGET_NAME = AIKanji;
			};
			name = Debug;
		};
		B045E5EEA67D9604E3C3F4EE /* Release */ = {
			isa = XCBuildConfiguration;
			buildSettings = {
				ASSETCATALOG_COMPILER_APPICON_NAME = "";
				CODE_SIGN_IDENTITY = "iPhone Developer";
				INFOPLIST_FILE = AIKanji/Info.plist;
				LD_RUNPATH_SEARCH_PATHS = (
					"$(inherited)",
					"@executable_path/Frameworks",
				);
				PRODUCT_BUNDLE_IDENTIFIER = com.aikanji.AIKanji;
				SDKROOT = iphoneos;
				SWIFT_VERSION = 5.9;
				TARGETED_DEVICE_FAMILY = "1,2";
			};
			name = Release;
		};
		B514F3275CED41B607DA7D7A /* Debug */ = {
			isa = XCBuildConfiguration;
			buildSettings = {
				ASSETCATALOG_COMPILER_APPICON_NAME = "";
				CODE_SIGN_IDENTITY = "iPhone Developer";
				INFOPLIST_FILE = AIKanji/Info.plist;
				LD_RUNPATH_SEARCH_PATHS = (
					"$(inherited)",
					"@executable_path/Frameworks",
				);
				PRODUCT_BUNDLE_IDENTIFIER = com.aikanji.AIKanji;
				SDKROOT = iphoneos;
				SWIFT_VERSION = 5.9;
				TARGETED_DEVICE_FAMILY = "1,2";
			};
			name = Debug;
		};
		CD7E6713EA3B399A1181AAC9 /* Debug */ = {
			isa = XCBuildConfiguration;
			baseConfigurationReference = D097771D0F1FB3364D6E4CE1 /* Config.xcconfig */;
			buildSettings = {
				ALWAYS_SEARCH_USER_PATHS = NO;
				CLANG_ANALYZER_NONNULL = YES;
				CLANG_ANALYZER_NUMBER_OBJECT_CONVERSION = YES_AGGRESSIVE;
				CLANG_CXX_LANGUAGE_STANDARD = "gnu++14";
				CLANG_CXX_LIBRARY = "libc++";
				CLANG_ENABLE_MODULES = YES;
				CLANG_ENABLE_OBJC_ARC = YES;
				CLANG_ENABLE_OBJC_WEAK = YES;
				CLANG_WARN_BLOCK_CAPTURE_AUTORELEASING = YES;
				CLANG_WARN_BOOL_CONVERSION = YES;
				CLANG_WARN_COMMA = YES;
				CLANG_WARN_CONSTANT_CONVERSION = YES;
				CLANG_WARN_DEPRECATED_OBJC_IMPLEMENTATIONS = YES;
				CLANG_WARN_DIRECT_OBJC_ISA_USAGE = YES_ERROR;
				CLANG_WARN_DOCUMENTATION_COMMENTS = YES;
				CLANG_WARN_EMPTY_BODY = YES;
				CLANG_WARN_ENUM_CONVERSION = YES;
				CLANG_WARN_INFINITE_RECURSION = YES;
				CLANG_WARN_INT_CONVERSION = YES;
				CLANG_WARN_NON_LITERAL_NULL_CONVERSION = YES;
				CLANG_WARN_OBJC_IMPLICIT_RETAIN_SELF = YES;
				CLANG_WARN_OBJC_LITERAL_CONVERSION = YES;
				CLANG_WARN_OBJC_ROOT_CLASS = YES_ERROR;
				CLANG_WARN_QUOTED_INCLUDE_IN_FRAMEWORK_HEADER = YES;
				CLANG_WARN_RANGE_LOOP_ANALYSIS = YES;
				CLANG_WARN_STRICT_PROTOTYPES = YES;
				CLANG_WARN_SUSPICIOUS_MOVE = YES;
				CLANG_WARN_UNGUARDED_AVAILABILITY = YES_AGGRESSIVE;
				CLANG_WARN_UNREACHABLE_CODE = YES;
				CLANG_WARN__DUPLICATE_METHOD_MATCH = YES;
				COPY_PHASE_STRIP = NO;
				DEBUG_INFORMATION_FORMAT = dwarf;
				ENABLE_STRICT_OBJC_MSGSEND = YES;
				ENABLE_TESTABILITY = YES;
				GCC_C_LANGUAGE_STANDARD = gnu11;
				GCC_DYNAMIC_NO_PIC = NO;
				GCC_NO_COMMON_BLOCKS = YES;
				GCC_OPTIMIZATION_LEVEL = 0;
				GCC_PREPROCESSOR_DEFINITIONS = (
					"$(inherited)",
					"DEBUG=1",
				);
				GCC_WARN_64_TO_32_BIT_CONVERSION = YES;
				GCC_WARN_ABOUT_RETURN_TYPE = YES_ERROR;
				GCC_WARN_UNDECLARED_SELECTOR = YES;
				GCC_WARN_UNINITIALIZED_AUTOS = YES_AGGRESSIVE;
				GCC_WARN_UNUSED_FUNCTION = YES;
				GCC_WARN_UNUSED_VARIABLE = YES;
				IPHONEOS_DEPLOYMENT_TARGET = 17.0;
				MTL_ENABLE_DEBUG_INFO = INCLUDE_SOURCE;
				MTL_FAST_MATH = YES;
				ONLY_ACTIVE_ARCH = YES;
				PRODUCT_NAME = "$(TARGET_NAME)";
				SDKROOT = iphoneos;
				SWIFT_ACTIVE_COMPILATION_CONDITIONS = DEBUG;
				SWIFT_OPTIMIZATION_LEVEL = "-Onone";
				SWIFT_VERSION = 5.0;
			};
			name = Debug;
		};
		F9F929ED7CDBB8D7457E2A92 /* Release */ = {
			isa = XCBuildConfiguration;
			baseConfigurationReference = D097771D0F1FB3364D6E4CE1 /* Config.xcconfig */;
			buildSettings = {
				ALWAYS_SEARCH_USER_PATHS = NO;
				CLANG_ANALYZER_NONNULL = YES;
				CLANG_ANALYZER_NUMBER_OBJECT_CONVERSION = YES_AGGRESSIVE;
				CLANG_CXX_LANGUAGE_STANDARD = "gnu++14";
				CLANG_CXX_LIBRARY = "libc++";
				CLANG_ENABLE_MODULES = YES;
				CLANG_ENABLE_OBJC_ARC = YES;
				CLANG_ENABLE_OBJC_WEAK = YES;
				CLANG_WARN_BLOCK_CAPTURE_AUTORELEASING = YES;
				CLANG_WARN_BOOL_CONVERSION = YES;
				CLANG_WARN_COMMA = YES;
				CLANG_WARN_CONSTANT_CONVERSION = YES;
				CLANG_WARN_DEPRECATED_OBJC_IMPLEMENTATIONS = YES;
				CLANG_WARN_DIRECT_OBJC_ISA_USAGE = YES_ERROR;
				CLANG_WARN_DOCUMENTATION_COMMENTS = YES;
				CLANG_WARN_EMPTY_BODY = YES;
				CLANG_WARN_ENUM_CONVERSION = YES;
				CLANG_WARN_INFINITE_RECURSION = YES;
				CLANG_WARN_INT_CONVERSION = YES;
				CLANG_WARN_NON_LITERAL_NULL_CONVERSION = YES;
				CLANG_WARN_OBJC_IMPLICIT_RETAIN_SELF = YES;
				CLANG_WARN_OBJC_LITERAL_CONVERSION = YES;
				CLANG_WARN_OBJC_ROOT_CLASS = YES_ERROR;
				CLANG_WARN_QUOTED_INCLUDE_IN_FRAMEWORK_HEADER = YES;
				CLANG_WARN_RANGE_LOOP_ANALYSIS = YES;
				CLANG_WARN_STRICT_PROTOTYPES = YES;
				CLANG_WARN_SUSPICIOUS_MOVE = YES;
				CLANG_WARN_UNGUARDED_AVAILABILITY = YES_AGGRESSIVE;
				CLANG_WARN_UNREACHABLE_CODE = YES;
				CLANG_WARN__DUPLICATE_METHOD_MATCH = YES;
				COPY_PHASE_STRIP = NO;
				DEBUG_INFORMATION_FORMAT = "dwarf-with-dsym";
				ENABLE_NS_ASSERTIONS = NO;
				ENABLE_STRICT_OBJC_MSGSEND = YES;
				GCC_C_LANGUAGE_STANDARD = gnu11;
				GCC_NO_COMMON_BLOCKS = YES;
				GCC_WARN_64_TO_32_BIT_CONVERSION = YES;
				GCC_WARN_ABOUT_RETURN_TYPE = YES_ERROR;
				GCC_WARN_UNDECLARED_SELECTOR = YES;
				GCC_WARN_UNINITIALIZED_AUTOS = YES_AGGRESSIVE;
				GCC_WARN_UNUSED_FUNCTION = YES;
				GCC_WARN_UNUSED_VARIABLE = YES;
				IPHONEOS_DEPLOYMENT_TARGET = 17.0;
				MTL_ENABLE_DEBUG_INFO = NO;
				MTL_FAST_MATH = YES;
				PRODUCT_NAME = "$(TARGET_NAME)";
				SDKROOT = iphoneos;
				SWIFT_COMPILATION_MODE = wholemodule;
				SWIFT_OPTIMIZATION_LEVEL = "-O";
				SWIFT_VERSION = 5.0;
			};
			name = Release;
		};
		FFAA433B6E0337AF434BC119 /* Release */ = {
			isa = XCBuildConfiguration;
			buildSettings = {
				BUNDLE_LOADER = "$(TEST_HOST)";
				GENERATE_INFOPLIST_FILE = YES;
				LD_RUNPATH_SEARCH_PATHS = (
					"$(inherited)",
					"@executable_path/Frameworks",
					"@loader_path/Frameworks",
				);
				PRODUCT_BUNDLE_IDENTIFIER = com.aikanji.AIKanjiUITests;
				SDKROOT = iphoneos;
				SWIFT_VERSION = 5.9;
				TARGETED_DEVICE_FAMILY = "1,2";
				TEST_TARGET_NAME = AIKanji;
			};
			name = Release;
		};
/* End XCBuildConfiguration section */

/* Begin XCConfigurationList section */
		2F2601A959D44B457FC9CE7B /* Build configuration list for PBXNativeTarget "AIKanji" */ = {
			isa = XCConfigurationList;
			buildConfigurations = (
				B514F3275CED41B607DA7D7A /* Debug */,
				B045E5EEA67D9604E3C3F4EE /* Release */,
			);
			defaultConfigurationIsVisible = 0;
			defaultConfigurationName = Debug;
		};
		940E1CA31DC19E759B9D1304 /* Build configuration list for PBXNativeTarget "AIKanjiUITests" */ = {
			isa = XCConfigurationList;
			buildConfigurations = (
				8BDFDBB157B2408AB0788958 /* Debug */,
				FFAA433B6E0337AF434BC119 /* Release */,
			);
			defaultConfigurationIsVisible = 0;
			defaultConfigurationName = Debug;
		};
		9EBDB713C5EA9E61DED19A2A /* Build configuration list for PBXProject "AIKanji" */ = {
			isa = XCConfigurationList;
			buildConfigurations = (
				CD7E6713EA3B399A1181AAC9 /* Debug */,
				F9F929ED7CDBB8D7457E2A92 /* Release */,
			);
			defaultConfigurationIsVisible = 0;
			defaultConfigurationName = Debug;
		};
		D74CFC654EE00B7D49D186E2 /* Build configuration list for PBXNativeTarget "AIKanjiDomainTests" */ = {
			isa = XCConfigurationList;
			buildConfigurations = (
				18D9938D69E580E98B9A1E7A /* Debug */,
				6C8AA8D1DFCE9D2E9116465C /* Release */,
			);
			defaultConfigurationIsVisible = 0;
			defaultConfigurationName = Debug;
		};
/* End XCConfigurationList section */

/* Begin XCRemoteSwiftPackageReference section */
		8895FA2DDBEA83691D802FE6 /* XCRemoteSwiftPackageReference "supabase-swift" */ = {
			isa = XCRemoteSwiftPackageReference;
			repositoryURL = "https://github.com/supabase/supabase-swift";
			requirement = {
				kind = upToNextMajorVersion;
				minimumVersion = 2.0.0;
			};
		};
/* End XCRemoteSwiftPackageReference section */

/* Begin XCSwiftPackageProductDependency section */
		D6F29F0CFDD5884298193D7F /* Supabase */ = {
			isa = XCSwiftPackageProductDependency;
			package = 8895FA2DDBEA83691D802FE6 /* XCRemoteSwiftPackageReference "supabase-swift" */;
			productName = Supabase;
		};
		D76DCCBD1F5421FD49E8A037 /* Supabase */ = {
			isa = XCSwiftPackageProductDependency;
			package = 8895FA2DDBEA83691D802FE6 /* XCRemoteSwiftPackageReference "supabase-swift" */;
			productName = Supabase;
		};
/* End XCSwiftPackageProductDependency section */
	};
	rootObject = BF11FB2C1CDA820839C93F62 /* Project object */;
}
